<Solution>
  <Folder Name="/src/">
    <Project Path="src/UrlShortener.Api/UrlShortener.Api.csproj" />
    <Project Path="src/UrlShortener.Core/UrlShortener.Core.csproj" />
  </Folder>
  <Folder Name="/tests/">
    <Project Path="tests/UrlShortener.Tests/UrlShortener.Tests.csproj" />
  </Folder>
</Solution>
